
Microsoft Visual Studio Solution File, Format Version 12.00
# Visual Studio Version 16
VisualStudioVersion = 16.0.29411.108
MinimumVisualStudioVersion = 15.0.26124.0
Project("{FAE04EC0-301F-11D3-BF4B-00C04F79EFBC}") = "Identity.Data", "Identity.Data\Identity.Data.csproj", "{3357F9CD-C9AB-4890-B5E0-0D4D6CA9327A}"
EndProject
Global
	GlobalSection(SolutionConfigurationPlatforms) = preSolution
		Debug|Any CPU = Debug|Any CPU
		Debug|x64 = Debug|x64
		Debug|x86 = Debug|x86
		Release|Any CPU = Release|Any CPU
		Release|x64 = Release|x64
		Release|x86 = Release|x86
	EndGlobalSection
	GlobalSection(SolutionProperties) = preSolution
		HideSolutionNode = FALSE
	EndGlobalSection
	GlobalSection(ProjectConfigurationPlatforms) = postSolution
		{3357F9CD-C9AB-4890-B5E0-0D4D6CA9327A}.Debug|Any CPU.ActiveCfg = Debug|Any CPU
		{3357F9CD-C9AB-4890-B5E0-0D4D6CA9327A}.Debug|Any CPU.Build.0 = Debug|Any CPU
		{3357F9CD-C9AB-4890-B5E0-0D4D6CA9327A}.Debug|x64.ActiveCfg = Debug|Any CPU
		{3357F9CD-C9AB-4890-B5E0-0D4D6CA9327A}.Debug|x64.Build.0 = Debug|Any CPU
		{3357F9CD-C9AB-4890-B5E0-0D4D6CA9327A}.Debug|x86.ActiveCfg = Debug|Any CPU
		{3357F9CD-C9AB-4890-B5E0-0D4D6CA9327A}.Debug|x86.Build.0 = Debug|Any CPU
		{3357F9CD-C9AB-4890-B5E0-0D4D6CA9327A}.Release|Any CPU.ActiveCfg = Release|Any CPU
		{3357F9CD-C9AB-4890-B5E0-0D4D6CA9327A}.Release|Any CPU.Build.0 = Release|Any CPU
		{3357F9CD-C9AB-4890-B5E0-0D4D6CA9327A}.Release|x64.ActiveCfg = Release|Any CPU
		{3357F9CD-C9AB-4890-B5E0-0D4D6CA9327A}.Release|x64.Build.0 = Release|Any CPU
		{3357F9CD-C9AB-4890-B5E0-0D4D6CA9327A}.Release|x86.ActiveCfg = Release|Any CPU
		{3357F9CD-C9AB-4890-B5E0-0D4D6CA9327A}.Release|x86.Build.0 = Release|Any CPU
	EndGlobalSection
EndGlobal
